
Microsoft Visual Studio Solution File, Format Version 12.00
# Visual Studio 15
VisualStudioVersion = 15.0.27703.2047
MinimumVisualStudioVersion = 10.0.40219.1
Project("{9A19103F-16F7-4668-BE54-9A1E7A4F7556}") = "ExtensionMethodsLambdaLinq", "ExtensionMethodsLambdaLinq\ExtensionMethodsLambdaLinq.csproj", "{ABF21A65-8AA1-405F-9B5A-5616B395266B}"
EndProject
Project("{9A19103F-16F7-4668-BE54-9A1E7A4F7556}") = "StringBuilderSubstring", "StringBuilderSubstring\StringBuilderSubstring.csproj", "{A313A25C-BCE5-45D7-9066-F48B255F3C4B}"
EndProject
Project("{9A19103F-16F7-4668-BE54-9A1E7A4F7556}") = "IEnumerableExtensions", "IEnumerableExtensions\IEnumerableExtensions.csproj", "{2DA510C1-E5C4-40B7-93F9-330FACE0E987}"
EndProject
Project("{FAE04EC0-301F-11D3-BF4B-00C04F79EFBC}") = "StudentsTasks", "FirstBeforeLast\StudentsTasks.csproj", "{D7AAB2CA-7A3D-45B3-8E0F-0FD9132B29EC}"
EndProject
Project("{FAE04EC0-301F-11D3-BF4B-00C04F79EFBC}") = "DevisibleBy7And3", "DevisibleBy7And3\DevisibleBy7And3.csproj", "{CF0514CA-DF0B-4330-9B48-8CF6A58A253B}"
EndProject
Project("{FAE04EC0-301F-11D3-BF4B-00C04F79EFBC}") = "LongestString", "LongestString\LongestString.csproj", "{7248EFFF-A2A8-459B-8CD1-2BE2631B0FBF}"
EndProject
Global
	GlobalSection(SolutionConfigurationPlatforms) = preSolution
		Debug|Any CPU = Debug|Any CPU
		Release|Any CPU = Release|Any CPU
	EndGlobalSection
	GlobalSection(ProjectConfigurationPlatforms) = postSolution
		{ABF21A65-8AA1-405F-9B5A-5616B395266B}.Debug|Any CPU.ActiveCfg = Debug|Any CPU
		{ABF21A65-8AA1-405F-9B5A-5616B395266B}.Debug|Any CPU.Build.0 = Debug|Any CPU
		{ABF21A65-8AA1-405F-9B5A-5616B395266B}.Release|Any CPU.ActiveCfg = Release|Any CPU
		{ABF21A65-8AA1-405F-9B5A-5616B395266B}.Release|Any CPU.Build.0 = Release|Any CPU
		{A313A25C-BCE5-45D7-9066-F48B255F3C4B}.Debug|Any CPU.ActiveCfg = Debug|Any CPU
		{A313A25C-BCE5-45D7-9066-F48B255F3C4B}.Debug|Any CPU.Build.0 = Debug|Any CPU
		{A313A25C-BCE5-45D7-9066-F48B255F3C4B}.Release|Any CPU.ActiveCfg = Release|Any CPU
		{A313A25C-BCE5-45D7-9066-F48B255F3C4B}.Release|Any CPU.Build.0 = Release|Any CPU
		{2DA510C1-E5C4-40B7-93F9-330FACE0E987}.Debug|Any CPU.ActiveCfg = Debug|Any CPU
		{2DA510C1-E5C4-40B7-93F9-330FACE0E987}.Debug|Any CPU.Build.0 = Debug|Any CPU
		{2DA510C1-E5C4-40B7-93F9-330FACE0E987}.Release|Any CPU.ActiveCfg = Release|Any CPU
		{2DA510C1-E5C4-40B7-93F9-330FACE0E987}.Release|Any CPU.Build.0 = Release|Any CPU
		{D7AAB2CA-7A3D-45B3-8E0F-0FD9132B29EC}.Debug|Any CPU.ActiveCfg = Debug|Any CPU
		{D7AAB2CA-7A3D-45B3-8E0F-0FD9132B29EC}.Debug|Any CPU.Build.0 = Debug|Any CPU
		{D7AAB2CA-7A3D-45B3-8E0F-0FD9132B29EC}.Release|Any CPU.ActiveCfg = Release|Any CPU
		{D7AAB2CA-7A3D-45B3-8E0F-0FD9132B29EC}.Release|Any CPU.Build.0 = Release|Any CPU
		{CF0514CA-DF0B-4330-9B48-8CF6A58A253B}.Debug|Any CPU.ActiveCfg = Debug|Any CPU
		{CF0514CA-DF0B-4330-9B48-8CF6A58A253B}.Debug|Any CPU.Build.0 = Debug|Any CPU
		{CF0514CA-DF0B-4330-9B48-8CF6A58A253B}.Release|Any CPU.ActiveCfg = Release|Any CPU
		{CF0514CA-DF0B-4330-9B48-8CF6A58A253B}.Release|Any CPU.Build.0 = Release|Any CPU
		{7248EFFF-A2A8-459B-8CD1-2BE2631B0FBF}.Debug|Any CPU.ActiveCfg = Debug|Any CPU
		{7248EFFF-A2A8-459B-8CD1-2BE2631B0FBF}.Debug|Any CPU.Build.0 = Debug|Any CPU
		{7248EFFF-A2A8-459B-8CD1-2BE2631B0FBF}.Release|Any CPU.ActiveCfg = Release|Any CPU
		{7248EFFF-A2A8-459B-8CD1-2BE2631B0FBF}.Release|Any CPU.Build.0 = Release|Any CPU
	EndGlobalSection
	GlobalSection(SolutionProperties) = preSolution
		HideSolutionNode = FALSE
	EndGlobalSection
	GlobalSection(ExtensibilityGlobals) = postSolution
		SolutionGuid = {87E60991-14E2-46F1-A358-A4F5433B9CFF}
	EndGlobalSection
EndGlobal
