
Microsoft Visual Studio Solution File, Format Version 12.00
# Visual Studio 15
VisualStudioVersion = 15.0.27703.2042
MinimumVisualStudioVersion = 10.0.40219.1
Project("{FAE04EC0-301F-11D3-BF4B-00C04F79EFBC}") = "AnimalHierarchy", "AnimalHierarchy\AnimalHierarchy.csproj", "{77543A38-7661-4154-B64A-E9225B889603}"
EndProject
Global
	GlobalSection(SolutionConfigurationPlatforms) = preSolution
		Debug|Any CPU = Debug|Any CPU
		Release|Any CPU = Release|Any CPU
	EndGlobalSection
	GlobalSection(ProjectConfigurationPlatforms) = postSolution
		{77543A38-7661-4154-B64A-E9225B889603}.Debug|Any CPU.ActiveCfg = Debug|Any CPU
		{77543A38-7661-4154-B64A-E9225B889603}.Debug|Any CPU.Build.0 = Debug|Any CPU
		{77543A38-7661-4154-B64A-E9225B889603}.Release|Any CPU.ActiveCfg = Release|Any CPU
		{77543A38-7661-4154-B64A-E9225B889603}.Release|Any CPU.Build.0 = Release|Any CPU
	EndGlobalSection
	GlobalSection(SolutionProperties) = preSolution
		HideSolutionNode = FALSE
	EndGlobalSection
	GlobalSection(ExtensibilityGlobals) = postSolution
		SolutionGuid = {7634B013-E8BE-43F4-A82F-14A90903D537}
	EndGlobalSection
EndGlobal
