
Microsoft Visual Studio Solution File, Format Version 12.00
# Visual Studio 15
VisualStudioVersion = 15.0.27703.2042
MinimumVisualStudioVersion = 10.0.40219.1
Project("{9A19103F-16F7-4668-BE54-9A1E7A4F7556}") = "MobileDevice", "DefiningClasses1\MobileDevice.csproj", "{43B919E9-0486-4661-BB65-F052A6329DFC}"
EndProject
Global
	GlobalSection(SolutionConfigurationPlatforms) = preSolution
		Debug|Any CPU = Debug|Any CPU
		Release|Any CPU = Release|Any CPU
	EndGlobalSection
	GlobalSection(ProjectConfigurationPlatforms) = postSolution
		{43B919E9-0486-4661-BB65-F052A6329DFC}.Debug|Any CPU.ActiveCfg = Debug|Any CPU
		{43B919E9-0486-4661-BB65-F052A6329DFC}.Debug|Any CPU.Build.0 = Debug|Any CPU
		{43B919E9-0486-4661-BB65-F052A6329DFC}.Release|Any CPU.ActiveCfg = Release|Any CPU
		{43B919E9-0486-4661-BB65-F052A6329DFC}.Release|Any CPU.Build.0 = Release|Any CPU
	EndGlobalSection
	GlobalSection(SolutionProperties) = preSolution
		HideSolutionNode = FALSE
	EndGlobalSection
	GlobalSection(ExtensibilityGlobals) = postSolution
		SolutionGuid = {F19269AF-2387-4E30-8277-049A848A4EE8}
	EndGlobalSection
EndGlobal
