
Microsoft Visual Studio Solution File, Format Version 12.00
# Visual Studio 15
VisualStudioVersion = 15.0.28010.2016
MinimumVisualStudioVersion = 10.0.40219.1
Project("{FAE04EC0-301F-11D3-BF4B-00C04F79EFBC}") = "ExtractInBrackets", "ExtractInBrackets\ExtractInBrackets.csproj", "{62548D60-E08E-4CB6-99A2-B19D31AD6F48}"
EndProject
Global
	GlobalSection(SolutionConfigurationPlatforms) = preSolution
		Debug|Any CPU = Debug|Any CPU
		Release|Any CPU = Release|Any CPU
	EndGlobalSection
	GlobalSection(ProjectConfigurationPlatforms) = postSolution
		{62548D60-E08E-4CB6-99A2-B19D31AD6F48}.Debug|Any CPU.ActiveCfg = Debug|Any CPU
		{62548D60-E08E-4CB6-99A2-B19D31AD6F48}.Debug|Any CPU.Build.0 = Debug|Any CPU
		{62548D60-E08E-4CB6-99A2-B19D31AD6F48}.Release|Any CPU.ActiveCfg = Release|Any CPU
		{62548D60-E08E-4CB6-99A2-B19D31AD6F48}.Release|Any CPU.Build.0 = Release|Any CPU
	EndGlobalSection
	GlobalSection(SolutionProperties) = preSolution
		HideSolutionNode = FALSE
	EndGlobalSection
	GlobalSection(ExtensibilityGlobals) = postSolution
		SolutionGuid = {82F6289A-EBED-4ADD-8018-0D1E946D346C}
	EndGlobalSection
EndGlobal
