
Microsoft Visual Studio Solution File, Format Version 12.00
# Visual Studio 15
VisualStudioVersion = 15.0.28307.168
MinimumVisualStudioVersion = 10.0.40219.1
Project("{FAE04EC0-301F-11D3-BF4B-00C04F79EFBC}") = "Krachkomer", "Krachkomer\Krachkomer.csproj", "{F9EC0C10-BEDE-4F7D-AA64-8D12359C4B85}"
EndProject
Project("{FAE04EC0-301F-11D3-BF4B-00C04F79EFBC}") = "OddNumber", "OddNumber\OddNumber.csproj", "{4CB190ED-E779-4188-911E-A1731F9B6BA4}"
EndProject
Project("{FAE04EC0-301F-11D3-BF4B-00C04F79EFBC}") = "MessageInABottle", "MessageInABottle\MessageInABottle.csproj", "{FE54C9CB-4CFC-441C-80B9-FA30F7F6B03D}"
EndProject
Global
	GlobalSection(SolutionConfigurationPlatforms) = preSolution
		Debug|Any CPU = Debug|Any CPU
		Release|Any CPU = Release|Any CPU
	EndGlobalSection
	GlobalSection(ProjectConfigurationPlatforms) = postSolution
		{F9EC0C10-BEDE-4F7D-AA64-8D12359C4B85}.Debug|Any CPU.ActiveCfg = Debug|Any CPU
		{F9EC0C10-BEDE-4F7D-AA64-8D12359C4B85}.Debug|Any CPU.Build.0 = Debug|Any CPU
		{F9EC0C10-BEDE-4F7D-AA64-8D12359C4B85}.Release|Any CPU.ActiveCfg = Release|Any CPU
		{F9EC0C10-BEDE-4F7D-AA64-8D12359C4B85}.Release|Any CPU.Build.0 = Release|Any CPU
		{4CB190ED-E779-4188-911E-A1731F9B6BA4}.Debug|Any CPU.ActiveCfg = Debug|Any CPU
		{4CB190ED-E779-4188-911E-A1731F9B6BA4}.Debug|Any CPU.Build.0 = Debug|Any CPU
		{4CB190ED-E779-4188-911E-A1731F9B6BA4}.Release|Any CPU.ActiveCfg = Release|Any CPU
		{4CB190ED-E779-4188-911E-A1731F9B6BA4}.Release|Any CPU.Build.0 = Release|Any CPU
		{FE54C9CB-4CFC-441C-80B9-FA30F7F6B03D}.Debug|Any CPU.ActiveCfg = Debug|Any CPU
		{FE54C9CB-4CFC-441C-80B9-FA30F7F6B03D}.Debug|Any CPU.Build.0 = Debug|Any CPU
		{FE54C9CB-4CFC-441C-80B9-FA30F7F6B03D}.Release|Any CPU.ActiveCfg = Release|Any CPU
		{FE54C9CB-4CFC-441C-80B9-FA30F7F6B03D}.Release|Any CPU.Build.0 = Release|Any CPU
	EndGlobalSection
	GlobalSection(SolutionProperties) = preSolution
		HideSolutionNode = FALSE
	EndGlobalSection
	GlobalSection(ExtensibilityGlobals) = postSolution
		SolutionGuid = {884A4B81-BDDF-4BC7-9183-7618333F5791}
	EndGlobalSection
EndGlobal
